
Microsoft Visual Studio Solution File, Format Version 12.00
# Visual Studio 14
VisualStudioVersion = 14.0.25420.1
MinimumVisualStudioVersion = 10.0.40219.1
Project("{FAE04EC0-301F-11D3-BF4B-00C04F79EFBC}") = "Task1", "ConsoleApplication10\Task1.csproj", "{A5208294-8487-4F7E-B095-B2F6BEA8B20D}"
EndProject
Project("{FAE04EC0-301F-11D3-BF4B-00C04F79EFBC}") = "Task2", "Task2\Task2.csproj", "{ADECDA24-A0B2-4535-89C6-A8F91F1A421C}"
EndProject
Global
	GlobalSection(SolutionConfigurationPlatforms) = preSolution
		Debug|Any CPU = Debug|Any CPU
		Release|Any CPU = Release|Any CPU
	EndGlobalSection
	GlobalSection(ProjectConfigurationPlatforms) = postSolution
		{A5208294-8487-4F7E-B095-B2F6BEA8B20D}.Debug|Any CPU.ActiveCfg = Debug|Any CPU
		{A5208294-8487-4F7E-B095-B2F6BEA8B20D}.Debug|Any CPU.Build.0 = Debug|Any CPU
		{A5208294-8487-4F7E-B095-B2F6BEA8B20D}.Release|Any CPU.ActiveCfg = Release|Any CPU
		{A5208294-8487-4F7E-B095-B2F6BEA8B20D}.Release|Any CPU.Build.0 = Release|Any CPU
		{ADECDA24-A0B2-4535-89C6-A8F91F1A421C}.Debug|Any CPU.ActiveCfg = Debug|Any CPU
		{ADECDA24-A0B2-4535-89C6-A8F91F1A421C}.Debug|Any CPU.Build.0 = Debug|Any CPU
		{ADECDA24-A0B2-4535-89C6-A8F91F1A421C}.Release|Any CPU.ActiveCfg = Release|Any CPU
		{ADECDA24-A0B2-4535-89C6-A8F91F1A421C}.Release|Any CPU.Build.0 = Release|Any CPU
	EndGlobalSection
	GlobalSection(SolutionProperties) = preSolution
		HideSolutionNode = FALSE
	EndGlobalSection
EndGlobal
